// !$*UTF8*$!
{
	archiveVersion = 1;
	classes = {
	};
	objectVersion = 46;
	objects = {

/* Begin PBXBuildFile section */
		840C2DCC164224F600E4D056 /* UIKit.framework in Frameworks */ = {isa = PBXBuildFile; fileRef = 840C2DCB164224F600E4D056 /* UIKit.framework */; };
		840C2DCE164224F600E4D056 /* Foundation.framework in Frameworks */ = {isa = PBXBuildFile; fileRef = 840C2DCD164224F600E4D056 /* Foundation.framework */; };
		840C2DD0164224F600E4D056 /* CoreGraphics.framework in Frameworks */ = {isa = PBXBuildFile; fileRef = 840C2DCF164224F600E4D056 /* CoreGraphics.framework */; };
		840C2DD2164224F600E4D056 /* CoreData.framework in Frameworks */ = {isa = PBXBuildFile; fileRef = 840C2DD1164224F600E4D056 /* CoreData.framework */; };
		840C2DD8164224F600E4D056 /* InfoPlist.strings in Resources */ = {isa = PBXBuildFile; fileRef = 840C2DD6164224F600E4D056 /* InfoPlist.strings */; };
		840C2DDA164224F600E4D056 /* main.m in Sources */ = {isa = PBXBuildFile; fileRef = 840C2DD9164224F600E4D056 /* main.m */; };
		840C2DDE164224F600E4D056 /* bbarnardAppDelegate.m in Sources */ = {isa = PBXBuildFile; fileRef = 840C2DDD164224F600E4D056 /* bbarnardAppDelegate.m */; };
		840C2DE0164224F600E4D056 /* Default.png in Resources */ = {isa = PBXBuildFile; fileRef = 840C2DDF164224F600E4D056 /* Default.png */; };
		840C2DE2164224F600E4D056 /* Default@2x.png in Resources */ = {isa = PBXBuildFile; fileRef = 840C2DE1164224F600E4D056 /* Default@2x.png */; };
		840C2DE4164224F600E4D056 /* Default-568h@2x.png in Resources */ = {isa = PBXBuildFile; fileRef = 840C2DE3164224F600E4D056 /* Default-568h@2x.png */; };
		840C2DE7164224F600E4D056 /* bbarnard_csc471_FinalProject.xcdatamodeld in Sources */ = {isa = PBXBuildFile; fileRef = 840C2DE5164224F600E4D056 /* bbarnard_csc471_FinalProject.xcdatamodeld */; };
		840C2DF01642273900E4D056 /* bbarnard_LoginPageViewController.m in Sources */ = {isa = PBXBuildFile; fileRef = 840C2DEE1642273900E4D056 /* bbarnard_LoginPageViewController.m */; };
		840C2DF11642273900E4D056 /* bbarnard_LoginPageViewController.xib in Resources */ = {isa = PBXBuildFile; fileRef = 840C2DEF1642273900E4D056 /* bbarnard_LoginPageViewController.xib */; };
		840C2DF81642282000E4D056 /* bbarnard_NoteDetailViewController.m in Sources */ = {isa = PBXBuildFile; fileRef = 840C2DF61642282000E4D056 /* bbarnard_NoteDetailViewController.m */; };
		840C2DF91642282000E4D056 /* bbarnard_NoteDetailViewController.xib in Resources */ = {isa = PBXBuildFile; fileRef = 840C2DF71642282000E4D056 /* bbarnard_NoteDetailViewController.xib */; };
		840C2DFE164229FD00E4D056 /* bbarnard_UserData.m in Sources */ = {isa = PBXBuildFile; fileRef = 840C2DFD164229FD00E4D056 /* bbarnard_UserData.m */; };
		840C2E0116422A0D00E4D056 /* bbarnard_NoteData.m in Sources */ = {isa = PBXBuildFile; fileRef = 840C2E0016422A0D00E4D056 /* bbarnard_NoteData.m */; };
		840C2E0416422A2400E4D056 /* bbarnard_NoteCollecton.m in Sources */ = {isa = PBXBuildFile; fileRef = 840C2E0316422A2400E4D056 /* bbarnard_NoteCollecton.m */; };
		842D65A81645F7FB0089B6FD /* bbarnard_SettingsPageViewController.m in Sources */ = {isa = PBXBuildFile; fileRef = 842D65A61645F7FB0089B6FD /* bbarnard_SettingsPageViewController.m */; };
		842D65A91645F7FB0089B6FD /* bbarnard_SettingsPageViewController.xib in Resources */ = {isa = PBXBuildFile; fileRef = 842D65A71645F7FB0089B6FD /* bbarnard_SettingsPageViewController.xib */; };
		842D65AE16474A220089B6FD /* bbarnard_NotesNavViewController.m in Sources */ = {isa = PBXBuildFile; fileRef = 842D65AC16474A220089B6FD /* bbarnard_NotesNavViewController.m */; };
		842D65BC164751A00089B6FD /* bbarnard_NotesTableViewController.m in Sources */ = {isa = PBXBuildFile; fileRef = 842D65BA164751A00089B6FD /* bbarnard_NotesTableViewController.m */; };
		842D65BD164751A00089B6FD /* bbarnard_NotesTableViewController.xib in Resources */ = {isa = PBXBuildFile; fileRef = 842D65BB164751A00089B6FD /* bbarnard_NotesTableViewController.xib */; };
		84629AEB1645A02F00B626D5 /* bbarnard_TabBarController.xib in Resources */ = {isa = PBXBuildFile; fileRef = 84629AEA1645A02F00B626D5 /* bbarnard_TabBarController.xib */; };
		84629AEE1645A3B700B626D5 /* 33-cabinet.png in Resources */ = {isa = PBXBuildFile; fileRef = 84629AED1645A3B700B626D5 /* 33-cabinet.png */; };
		84629AF01645A3C900B626D5 /* 59-flag.png in Resources */ = {isa = PBXBuildFile; fileRef = 84629AEF1645A3C900B626D5 /* 59-flag.png */; };
		84629AF21645A3EB00B626D5 /* 179-notepad.png in Resources */ = {isa = PBXBuildFile; fileRef = 84629AF11645A3EB00B626D5 /* 179-notepad.png */; };
		84629AF41645A41500B626D5 /* 157-wrench.png in Resources */ = {isa = PBXBuildFile; fileRef = 84629AF31645A41500B626D5 /* 157-wrench.png */; };
		84629AF61645A42F00B626D5 /* 02-redo.png in Resources */ = {isa = PBXBuildFile; fileRef = 84629AF51645A42F00B626D5 /* 02-redo.png */; };
		84629AFA1645F1A700B626D5 /* bbarnard_AboutPageViewController.m in Sources */ = {isa = PBXBuildFile; fileRef = 84629AF81645F1A700B626D5 /* bbarnard_AboutPageViewController.m */; };
		84629AFB1645F1A700B626D5 /* bbarnard_AboutPageViewController.xib in Resources */ = {isa = PBXBuildFile; fileRef = 84629AF91645F1A700B626D5 /* bbarnard_AboutPageViewController.xib */; };
		84629AFF1645F47300B626D5 /* bbarnard_SyncPageViewController.m in Sources */ = {isa = PBXBuildFile; fileRef = 84629AFD1645F47200B626D5 /* bbarnard_SyncPageViewController.m */; };
		84629B001645F47300B626D5 /* bbarnard_SyncPageViewController.xib in Resources */ = {isa = PBXBuildFile; fileRef = 84629AFE1645F47200B626D5 /* bbarnard_SyncPageViewController.xib */; };
		847C1BE5164E16B60023A249 /* libsqlite3.dylib in Frameworks */ = {isa = PBXBuildFile; fileRef = 847C1BE4164E16B60023A249 /* libsqlite3.dylib */; };
		847C1BE9164E19510023A249 /* bbarnard_notesdb.sqlite in Resources */ = {isa = PBXBuildFile; fileRef = 847C1BE8164E19510023A249 /* bbarnard_notesdb.sqlite */; };
		84C4E54A165364D600729F5E /* bbarnard_NotesService.m in Sources */ = {isa = PBXBuildFile; fileRef = 84C4E549165364D600729F5E /* bbarnard_NotesService.m */; };
		84D55566164C9D6A00DDFC8C /* bbarnard_NewNoteViewController.m in Sources */ = {isa = PBXBuildFile; fileRef = 84D55564164C9D6A00DDFC8C /* bbarnard_NewNoteViewController.m */; };
		84D55567164C9D6A00DDFC8C /* bbarnard_NewNoteViewController.xib in Resources */ = {isa = PBXBuildFile; fileRef = 84D55565164C9D6A00DDFC8C /* bbarnard_NewNoteViewController.xib */; };
/* End PBXBuildFile section */

/* Begin PBXFileReference section */
		840C2DC7164224F600E4D056 /* bbarnard_csc471_FinalProject.app */ = {isa = PBXFileReference; explicitFileType = wrapper.application; includeInIndex = 0; path = bbarnard_csc471_FinalProject.app; sourceTree = BUILT_PRODUCTS_DIR; };
		840C2DCB164224F600E4D056 /* UIKit.framework */ = {isa = PBXFileReference; lastKnownFileType = wrapper.framework; name = UIKit.framework; path = System/Library/Frameworks/UIKit.framework; sourceTree = SDKROOT; };
		840C2DCD164224F600E4D056 /* Foundation.framework */ = {isa = PBXFileReference; lastKnownFileType = wrapper.framework; name = Foundation.framework; path = System/Library/Frameworks/Foundation.framework; sourceTree = SDKROOT; };
		840C2DCF164224F600E4D056 /* CoreGraphics.framework */ = {isa = PBXFileReference; lastKnownFileType = wrapper.framework; name = CoreGraphics.framework; path = System/Library/Frameworks/CoreGraphics.framework; sourceTree = SDKROOT; };
		840C2DD1164224F600E4D056 /* CoreData.framework */ = {isa = PBXFileReference; lastKnownFileType = wrapper.framework; name = CoreData.framework; path = System/Library/Frameworks/CoreData.framework; sourceTree = SDKROOT; };
		840C2DD5164224F600E4D056 /* bbarnard_csc471_FinalProject-Info.plist */ = {isa = PBXFileReference; lastKnownFileType = text.plist.xml; path = "bbarnard_csc471_FinalProject-Info.plist"; sourceTree = "<group>"; };
		840C2DD7164224F600E4D056 /* en */ = {isa = PBXFileReference; lastKnownFileType = text.plist.strings; name = en; path = en.lproj/InfoPlist.strings; sourceTree = "<group>"; };
		840C2DD9164224F600E4D056 /* main.m */ = {isa = PBXFileReference; lastKnownFileType = sourcecode.c.objc; path = main.m; sourceTree = "<group>"; };
		840C2DDB164224F600E4D056 /* bbarnard_csc471_FinalProject-Prefix.pch */ = {isa = PBXFileReference; lastKnownFileType = sourcecode.c.h; path = "bbarnard_csc471_FinalProject-Prefix.pch"; sourceTree = "<group>"; };
		840C2DDC164224F600E4D056 /* bbarnardAppDelegate.h */ = {isa = PBXFileReference; lastKnownFileType = sourcecode.c.h; path = bbarnardAppDelegate.h; sourceTree = "<group>"; };
		840C2DDD164224F600E4D056 /* bbarnardAppDelegate.m */ = {isa = PBXFileReference; lastKnownFileType = sourcecode.c.objc; path = bbarnardAppDelegate.m; sourceTree = "<group>"; };
		840C2DDF164224F600E4D056 /* Default.png */ = {isa = PBXFileReference; lastKnownFileType = image.png; path = Default.png; sourceTree = "<group>"; };
		840C2DE1164224F600E4D056 /* Default@2x.png */ = {isa = PBXFileReference; lastKnownFileType = image.png; path = "Default@2x.png"; sourceTree = "<group>"; };
		840C2DE3164224F600E4D056 /* Default-568h@2x.png */ = {isa = PBXFileReference; lastKnownFileType = image.png; path = "Default-568h@2x.png"; sourceTree = "<group>"; };
		840C2DE6164224F600E4D056 /* bbarnard_csc471_FinalProject.xcdatamodel */ = {isa = PBXFileReference; lastKnownFileType = wrapper.xcdatamodel; path = bbarnard_csc471_FinalProject.xcdatamodel; sourceTree = "<group>"; };
		840C2DED1642273900E4D056 /* bbarnard_LoginPageViewController.h */ = {isa = PBXFileReference; fileEncoding = 4; lastKnownFileType = sourcecode.c.h; path = bbarnard_LoginPageViewController.h; sourceTree = "<group>"; };
		840C2DEE1642273900E4D056 /* bbarnard_LoginPageViewController.m */ = {isa = PBXFileReference; fileEncoding = 4; lastKnownFileType = sourcecode.c.objc; path = bbarnard_LoginPageViewController.m; sourceTree = "<group>"; };
		840C2DEF1642273900E4D056 /* bbarnard_LoginPageViewController.xib */ = {isa = PBXFileReference; fileEncoding = 4; lastKnownFileType = file.xib; path = bbarnard_LoginPageViewController.xib; sourceTree = "<group>"; };
		840C2DF51642282000E4D056 /* bbarnard_NoteDetailViewController.h */ = {isa = PBXFileReference; fileEncoding = 4; lastKnownFileType = sourcecode.c.h; path = bbarnard_NoteDetailViewController.h; sourceTree = "<group>"; };
		840C2DF61642282000E4D056 /* bbarnard_NoteDetailViewController.m */ = {isa = PBXFileReference; fileEncoding = 4; lastKnownFileType = sourcecode.c.objc; path = bbarnard_NoteDetailViewController.m; sourceTree = "<group>"; };
		840C2DF71642282000E4D056 /* bbarnard_NoteDetailViewController.xib */ = {isa = PBXFileReference; fileEncoding = 4; lastKnownFileType = file.xib; path = bbarnard_NoteDetailViewController.xib; sourceTree = "<group>"; };
		840C2DFC164229FD00E4D056 /* bbarnard_UserData.h */ = {isa = PBXFileReference; fileEncoding = 4; lastKnownFileType = sourcecode.c.h; path = bbarnard_UserData.h; sourceTree = "<group>"; };
		840C2DFD164229FD00E4D056 /* bbarnard_UserData.m */ = {isa = PBXFileReference; fileEncoding = 4; lastKnownFileType = sourcecode.c.objc; path = bbarnard_UserData.m; sourceTree = "<group>"; };
		840C2DFF16422A0D00E4D056 /* bbarnard_NoteData.h */ = {isa = PBXFileReference; fileEncoding = 4; lastKnownFileType = sourcecode.c.h; path = bbarnard_NoteData.h; sourceTree = "<group>"; };
		840C2E0016422A0D00E4D056 /* bbarnard_NoteData.m */ = {isa = PBXFileReference; fileEncoding = 4; lastKnownFileType = sourcecode.c.objc; path = bbarnard_NoteData.m; sourceTree = "<group>"; };
		840C2E0216422A2400E4D056 /* bbarnard_NoteCollecton.h */ = {isa = PBXFileReference; fileEncoding = 4; lastKnownFileType = sourcecode.c.h; path = bbarnard_NoteCollecton.h; sourceTree = "<group>"; };
		840C2E0316422A2400E4D056 /* bbarnard_NoteCollecton.m */ = {isa = PBXFileReference; fileEncoding = 4; lastKnownFileType = sourcecode.c.objc; path = bbarnard_NoteCollecton.m; sourceTree = "<group>"; };
		842D65A51645F7FB0089B6FD /* bbarnard_SettingsPageViewController.h */ = {isa = PBXFileReference; fileEncoding = 4; lastKnownFileType = sourcecode.c.h; path = bbarnard_SettingsPageViewController.h; sourceTree = "<group>"; };
		842D65A61645F7FB0089B6FD /* bbarnard_SettingsPageViewController.m */ = {isa = PBXFileReference; fileEncoding = 4; lastKnownFileType = sourcecode.c.objc; path = bbarnard_SettingsPageViewController.m; sourceTree = "<group>"; };
		842D65A71645F7FB0089B6FD /* bbarnard_SettingsPageViewController.xib */ = {isa = PBXFileReference; fileEncoding = 4; lastKnownFileType = file.xib; path = bbarnard_SettingsPageViewController.xib; sourceTree = "<group>"; };
		842D65AB16474A220089B6FD /* bbarnard_NotesNavViewController.h */ = {isa = PBXFileReference; fileEncoding = 4; lastKnownFileType = sourcecode.c.h; path = bbarnard_NotesNavViewController.h; sourceTree = "<group>"; };
		842D65AC16474A220089B6FD /* bbarnard_NotesNavViewController.m */ = {isa = PBXFileReference; fileEncoding = 4; lastKnownFileType = sourcecode.c.objc; path = bbarnard_NotesNavViewController.m; sourceTree = "<group>"; };
		842D65B9164751A00089B6FD /* bbarnard_NotesTableViewController.h */ = {isa = PBXFileReference; fileEncoding = 4; lastKnownFileType = sourcecode.c.h; path = bbarnard_NotesTableViewController.h; sourceTree = "<group>"; };
		842D65BA164751A00089B6FD /* bbarnard_NotesTableViewController.m */ = {isa = PBXFileReference; fileEncoding = 4; lastKnownFileType = sourcecode.c.objc; path = bbarnard_NotesTableViewController.m; sourceTree = "<group>"; };
		842D65BB164751A00089B6FD /* bbarnard_NotesTableViewController.xib */ = {isa = PBXFileReference; fileEncoding = 4; lastKnownFileType = file.xib; path = bbarnard_NotesTableViewController.xib; sourceTree = "<group>"; };
		84629AEA1645A02F00B626D5 /* bbarnard_TabBarController.xib */ = {isa = PBXFileReference; fileEncoding = 4; lastKnownFileType = file.xib; path = bbarnard_TabBarController.xib; sourceTree = "<group>"; };
		84629AED1645A3B700B626D5 /* 33-cabinet.png */ = {isa = PBXFileReference; lastKnownFileType = image.png; path = "33-cabinet.png"; sourceTree = "<group>"; };
		84629AEF1645A3C900B626D5 /* 59-flag.png */ = {isa = PBXFileReference; lastKnownFileType = image.png; path = "59-flag.png"; sourceTree = "<group>"; };
		84629AF11645A3EB00B626D5 /* 179-notepad.png */ = {isa = PBXFileReference; lastKnownFileType = image.png; path = "179-notepad.png"; sourceTree = "<group>"; };
		84629AF31645A41500B626D5 /* 157-wrench.png */ = {isa = PBXFileReference; lastKnownFileType = image.png; path = "157-wrench.png"; sourceTree = "<group>"; };
		84629AF51645A42F00B626D5 /* 02-redo.png */ = {isa = PBXFileReference; lastKnownFileType = image.png; path = "02-redo.png"; sourceTree = "<group>"; };
		84629AF71645F1A700B626D5 /* bbarnard_AboutPageViewController.h */ = {isa = PBXFileReference; fileEncoding = 4; lastKnownFileType = sourcecode.c.h; path = bbarnard_AboutPageViewController.h; sourceTree = "<group>"; };
		84629AF81645F1A700B626D5 /* bbarnard_AboutPageViewController.m */ = {isa = PBXFileReference; fileEncoding = 4; lastKnownFileType = sourcecode.c.objc; path = bbarnard_AboutPageViewController.m; sourceTree = "<group>"; };
		84629AF91645F1A700B626D5 /* bbarnard_AboutPageViewController.xib */ = {isa = PBXFileReference; fileEncoding = 4; lastKnownFileType = file.xib; path = bbarnard_AboutPageViewController.xib; sourceTree = "<group>"; };
		84629AFC1645F47200B626D5 /* bbarnard_SyncPageViewController.h */ = {isa = PBXFileReference; fileEncoding = 4; lastKnownFileType = sourcecode.c.h; path = bbarnard_SyncPageViewController.h; sourceTree = "<group>"; };
		84629AFD1645F47200B626D5 /* bbarnard_SyncPageViewController.m */ = {isa = PBXFileReference; fileEncoding = 4; lastKnownFileType = sourcecode.c.objc; path = bbarnard_SyncPageViewController.m; sourceTree = "<group>"; };
		84629AFE1645F47200B626D5 /* bbarnard_SyncPageViewController.xib */ = {isa = PBXFileReference; fileEncoding = 4; lastKnownFileType = file.xib; path = bbarnard_SyncPageViewController.xib; sourceTree = "<group>"; };
		847C1BE4164E16B60023A249 /* libsqlite3.dylib */ = {isa = PBXFileReference; lastKnownFileType = "compiled.mach-o.dylib"; name = libsqlite3.dylib; path = usr/lib/libsqlite3.dylib; sourceTree = SDKROOT; };
		847C1BE8164E19510023A249 /* bbarnard_notesdb.sqlite */ = {isa = PBXFileReference; lastKnownFileType = file; path = bbarnard_notesdb.sqlite; sourceTree = "<group>"; };
		84C4E548165364D600729F5E /* bbarnard_NotesService.h */ = {isa = PBXFileReference; fileEncoding = 4; lastKnownFileType = sourcecode.c.h; path = bbarnard_NotesService.h; sourceTree = "<group>"; };
		84C4E549165364D600729F5E /* bbarnard_NotesService.m */ = {isa = PBXFileReference; fileEncoding = 4; lastKnownFileType = sourcecode.c.objc; path = bbarnard_NotesService.m; sourceTree = "<group>"; };
		84D55563164C9D6A00DDFC8C /* bbarnard_NewNoteViewController.h */ = {isa = PBXFileReference; fileEncoding = 4; lastKnownFileType = sourcecode.c.h; path = bbarnard_NewNoteViewController.h; sourceTree = "<group>"; };
		84D55564164C9D6A00DDFC8C /* bbarnard_NewNoteViewController.m */ = {isa = PBXFileReference; fileEncoding = 4; lastKnownFileType = sourcecode.c.objc; path = bbarnard_NewNoteViewController.m; sourceTree = "<group>"; };
		84D55565164C9D6A00DDFC8C /* bbarnard_NewNoteViewController.xib */ = {isa = PBXFileReference; fileEncoding = 4; lastKnownFileType = file.xib; path = bbarnard_NewNoteViewController.xib; sourceTree = "<group>"; };
/* End PBXFileReference section */

/* Begin PBXFrameworksBuildPhase section */
		840C2DC4164224F600E4D056 /* Frameworks */ = {
			isa = PBXFrameworksBuildPhase;
			buildActionMask = 2147483647;
			files = (
				840C2DCC164224F600E4D056 /* UIKit.framework in Frameworks */,
				840C2DCE164224F600E4D056 /* Foundation.framework in Frameworks */,
				840C2DD0164224F600E4D056 /* CoreGraphics.framework in Frameworks */,
				840C2DD2164224F600E4D056 /* CoreData.framework in Frameworks */,
				847C1BE5164E16B60023A249 /* libsqlite3.dylib in Frameworks */,
			);
			runOnlyForDeploymentPostprocessing = 0;
		};
/* End PBXFrameworksBuildPhase section */

/* Begin PBXGroup section */
		840C2DBC164224F600E4D056 = {
			isa = PBXGroup;
			children = (
				840C2DD3164224F600E4D056 /* bbarnard_csc471_FinalProject */,
				840C2DCA164224F600E4D056 /* Frameworks */,
				840C2DC8164224F600E4D056 /* Products */,
			);
			sourceTree = "<group>";
		};
		840C2DC8164224F600E4D056 /* Products */ = {
			isa = PBXGroup;
			children = (
				840C2DC7164224F600E4D056 /* bbarnard_csc471_FinalProject.app */,
			);
			name = Products;
			sourceTree = "<group>";
		};
		840C2DCA164224F600E4D056 /* Frameworks */ = {
			isa = PBXGroup;
			children = (
				847C1BE4164E16B60023A249 /* libsqlite3.dylib */,
				840C2DCB164224F600E4D056 /* UIKit.framework */,
				840C2DCD164224F600E4D056 /* Foundation.framework */,
				840C2DCF164224F600E4D056 /* CoreGraphics.framework */,
				840C2DD1164224F600E4D056 /* CoreData.framework */,
			);
			name = Frameworks;
			sourceTree = "<group>";
		};
		840C2DD3164224F600E4D056 /* bbarnard_csc471_FinalProject */ = {
			isa = PBXGroup;
			children = (
				847C1BE7164E193A0023A249 /* Data */,
				84629AE416459DA700B626D5 /* View */,
				840C2DFB1642298E00E4D056 /* Model */,
				840C2DFA1642297B00E4D056 /* Controller */,
				840C2DDC164224F600E4D056 /* bbarnardAppDelegate.h */,
				840C2DDD164224F600E4D056 /* bbarnardAppDelegate.m */,
				840C2DE5164224F600E4D056 /* bbarnard_csc471_FinalProject.xcdatamodeld */,
				840C2DD4164224F600E4D056 /* Supporting Files */,
			);
			path = bbarnard_csc471_FinalProject;
			sourceTree = "<group>";
		};
		840C2DD4164224F600E4D056 /* Supporting Files */ = {
			isa = PBXGroup;
			children = (
				84629AEC1645A38D00B626D5 /* Images */,
				840C2DD5164224F600E4D056 /* bbarnard_csc471_FinalProject-Info.plist */,
				840C2DD6164224F600E4D056 /* InfoPlist.strings */,
				840C2DD9164224F600E4D056 /* main.m */,
				840C2DDB164224F600E4D056 /* bbarnard_csc471_FinalProject-Prefix.pch */,
				840C2DDF164224F600E4D056 /* Default.png */,
				840C2DE1164224F600E4D056 /* Default@2x.png */,
				840C2DE3164224F600E4D056 /* Default-568h@2x.png */,
			);
			name = "Supporting Files";
			sourceTree = "<group>";
		};
		840C2DFA1642297B00E4D056 /* Controller */ = {
			isa = PBXGroup;
			children = (
				84D55563164C9D6A00DDFC8C /* bbarnard_NewNoteViewController.h */,
				84D55564164C9D6A00DDFC8C /* bbarnard_NewNoteViewController.m */,
				840C2DED1642273900E4D056 /* bbarnard_LoginPageViewController.h */,
				840C2DEE1642273900E4D056 /* bbarnard_LoginPageViewController.m */,
				840C2DF51642282000E4D056 /* bbarnard_NoteDetailViewController.h */,
				840C2DF61642282000E4D056 /* bbarnard_NoteDetailViewController.m */,
				84629AF71645F1A700B626D5 /* bbarnard_AboutPageViewController.h */,
				84629AF81645F1A700B626D5 /* bbarnard_AboutPageViewController.m */,
				84629AFC1645F47200B626D5 /* bbarnard_SyncPageViewController.h */,
				84629AFD1645F47200B626D5 /* bbarnard_SyncPageViewController.m */,
				842D65A51645F7FB0089B6FD /* bbarnard_SettingsPageViewController.h */,
				842D65A61645F7FB0089B6FD /* bbarnard_SettingsPageViewController.m */,
				842D65AB16474A220089B6FD /* bbarnard_NotesNavViewController.h */,
				842D65AC16474A220089B6FD /* bbarnard_NotesNavViewController.m */,
				842D65B9164751A00089B6FD /* bbarnard_NotesTableViewController.h */,
				842D65BA164751A00089B6FD /* bbarnard_NotesTableViewController.m */,
			);
			name = Controller;
			sourceTree = "<group>";
		};
		840C2DFB1642298E00E4D056 /* Model */ = {
			isa = PBXGroup;
			children = (
				840C2DFC164229FD00E4D056 /* bbarnard_UserData.h */,
				840C2DFD164229FD00E4D056 /* bbarnard_UserData.m */,
				840C2DFF16422A0D00E4D056 /* bbarnard_NoteData.h */,
				840C2E0016422A0D00E4D056 /* bbarnard_NoteData.m */,
				840C2E0216422A2400E4D056 /* bbarnard_NoteCollecton.h */,
				840C2E0316422A2400E4D056 /* bbarnard_NoteCollecton.m */,
				84C4E548165364D600729F5E /* bbarnard_NotesService.h */,
				84C4E549165364D600729F5E /* bbarnard_NotesService.m */,
			);
			name = Model;
			sourceTree = "<group>";
		};
		84629AE416459DA700B626D5 /* View */ = {
			isa = PBXGroup;
			children = (
				842D65BB164751A00089B6FD /* bbarnard_NotesTableViewController.xib */,
				842D65A71645F7FB0089B6FD /* bbarnard_SettingsPageViewController.xib */,
				84629AFE1645F47200B626D5 /* bbarnard_SyncPageViewController.xib */,
				84629AF91645F1A700B626D5 /* bbarnard_AboutPageViewController.xib */,
				840C2DEF1642273900E4D056 /* bbarnard_LoginPageViewController.xib */,
				840C2DF71642282000E4D056 /* bbarnard_NoteDetailViewController.xib */,
				84629AEA1645A02F00B626D5 /* bbarnard_TabBarController.xib */,
				84D55565164C9D6A00DDFC8C /* bbarnard_NewNoteViewController.xib */,
			);
			name = View;
			sourceTree = "<group>";
		};
		84629AEC1645A38D00B626D5 /* Images */ = {
			isa = PBXGroup;
			children = (
				84629AF51645A42F00B626D5 /* 02-redo.png */,
				84629AF31645A41500B626D5 /* 157-wrench.png */,
				84629AF11645A3EB00B626D5 /* 179-notepad.png */,
				84629AEF1645A3C900B626D5 /* 59-flag.png */,
				84629AED1645A3B700B626D5 /* 33-cabinet.png */,
			);
			name = Images;
			sourceTree = "<group>";
		};
		847C1BE7164E193A0023A249 /* Data */ = {
			isa = PBXGroup;
			children = (
				847C1BE8164E19510023A249 /* bbarnard_notesdb.sqlite */,
			);
			name = Data;
			sourceTree = "<group>";
		};
/* End PBXGroup section */

/* Begin PBXNativeTarget section */
		840C2DC6164224F600E4D056 /* bbarnard_csc471_FinalProject */ = {
			isa = PBXNativeTarget;
			buildConfigurationList = 840C2DEA164224F600E4D056 /* Build configuration list for PBXNativeTarget "bbarnard_csc471_FinalProject" */;
			buildPhases = (
				840C2DC3164224F600E4D056 /* Sources */,
				840C2DC4164224F600E4D056 /* Frameworks */,
				840C2DC5164224F600E4D056 /* Resources */,
			);
			buildRules = (
			);
			dependencies = (
			);
			name = bbarnard_csc471_FinalProject;
			productName = bbarnard_csc471_FinalProject;
			productReference = 840C2DC7164224F600E4D056 /* bbarnard_csc471_FinalProject.app */;
			productType = "com.apple.product-type.application";
		};
/* End PBXNativeTarget section */

/* Begin PBXProject section */
		840C2DBE164224F600E4D056 /* Project object */ = {
			isa = PBXProject;
			attributes = {
				CLASSPREFIX = bbarnard;
				LastUpgradeCheck = 0450;
				ORGANIZATIONNAME = "Bryan Barnard";
			};
			buildConfigurationList = 840C2DC1164224F600E4D056 /* Build configuration list for PBXProject "bbarnard_csc471_FinalProject" */;
			compatibilityVersion = "Xcode 3.2";
			developmentRegion = English;
			hasScannedForEncodings = 0;
			knownRegions = (
				en,
			);
			mainGroup = 840C2DBC164224F600E4D056;
			productRefGroup = 840C2DC8164224F600E4D056 /* Products */;
			projectDirPath = "";
			projectRoot = "";
			targets = (
				840C2DC6164224F600E4D056 /* bbarnard_csc471_FinalProject */,
			);
		};
/* End PBXProject section */

/* Begin PBXResourcesBuildPhase section */
		840C2DC5164224F600E4D056 /* Resources */ = {
			isa = PBXResourcesBuildPhase;
			buildActionMask = 2147483647;
			files = (
				840C2DD8164224F600E4D056 /* InfoPlist.strings in Resources */,
				840C2DE0164224F600E4D056 /* Default.png in Resources */,
				840C2DE2164224F600E4D056 /* Default@2x.png in Resources */,
				840C2DE4164224F600E4D056 /* Default-568h@2x.png in Resources */,
				840C2DF11642273900E4D056 /* bbarnard_LoginPageViewController.xib in Resources */,
				840C2DF91642282000E4D056 /* bbarnard_NoteDetailViewController.xib in Resources */,
				84629AEB1645A02F00B626D5 /* bbarnard_TabBarController.xib in Resources */,
				84629AEE1645A3B700B626D5 /* 33-cabinet.png in Resources */,
				84629AF01645A3C900B626D5 /* 59-flag.png in Resources */,
				84629AF21645A3EB00B626D5 /* 179-notepad.png in Resources */,
				84629AF41645A41500B626D5 /* 157-wrench.png in Resources */,
				84629AF61645A42F00B626D5 /* 02-redo.png in Resources */,
				84629AFB1645F1A700B626D5 /* bbarnard_AboutPageViewController.xib in Resources */,
				84629B001645F47300B626D5 /* bbarnard_SyncPageViewController.xib in Resources */,
				842D65A91645F7FB0089B6FD /* bbarnard_SettingsPageViewController.xib in Resources */,
				842D65BD164751A00089B6FD /* bbarnard_NotesTableViewController.xib in Resources */,
				84D55567164C9D6A00DDFC8C /* bbarnard_NewNoteViewController.xib in Resources */,
				847C1BE9164E19510023A249 /* bbarnard_notesdb.sqlite in Resources */,
			);
			runOnlyForDeploymentPostprocessing = 0;
		};
/* End PBXResourcesBuildPhase section */

/* Begin PBXSourcesBuildPhase section */
		840C2DC3164224F600E4D056 /* Sources */ = {
			isa = PBXSourcesBuildPhase;
			buildActionMask = 2147483647;
			files = (
				840C2DDA164224F600E4D056 /* main.m in Sources */,
				840C2DDE164224F600E4D056 /* bbarnardAppDelegate.m in Sources */,
				840C2DE7164224F600E4D056 /* bbarnard_csc471_FinalProject.xcdatamodeld in Sources */,
				840C2DF01642273900E4D056 /* bbarnard_LoginPageViewController.m in Sources */,
				840C2DF81642282000E4D056 /* bbarnard_NoteDetailViewController.m in Sources */,
				840C2DFE164229FD00E4D056 /* bbarnard_UserData.m in Sources */,
				840C2E0116422A0D00E4D056 /* bbarnard_NoteData.m in Sources */,
				840C2E0416422A2400E4D056 /* bbarnard_NoteCollecton.m in Sources */,
				84629AFA1645F1A700B626D5 /* bbarnard_AboutPageViewController.m in Sources */,
				84629AFF1645F47300B626D5 /* bbarnard_SyncPageViewController.m in Sources */,
				842D65A81645F7FB0089B6FD /* bbarnard_SettingsPageViewController.m in Sources */,
				842D65AE16474A220089B6FD /* bbarnard_NotesNavViewController.m in Sources */,
				842D65BC164751A00089B6FD /* bbarnard_NotesTableViewController.m in Sources */,
				84D55566164C9D6A00DDFC8C /* bbarnard_NewNoteViewController.m in Sources */,
				84C4E54A165364D600729F5E /* bbarnard_NotesService.m in Sources */,
			);
			runOnlyForDeploymentPostprocessing = 0;
		};
/* End PBXSourcesBuildPhase section */

/* Begin PBXVariantGroup section */
		840C2DD6164224F600E4D056 /* InfoPlist.strings */ = {
			isa = PBXVariantGroup;
			children = (
				840C2DD7164224F600E4D056 /* en */,
			);
			name = InfoPlist.strings;
			sourceTree = "<group>";
		};
/* End PBXVariantGroup section */

/* Begin XCBuildConfiguration section */
		840C2DE8164224F600E4D056 /* Debug */ = {
			isa = XCBuildConfiguration;
			buildSettings = {
				ALWAYS_SEARCH_USER_PATHS = NO;
				CLANG_CXX_LANGUAGE_STANDARD = "gnu++0x";
				CLANG_CXX_LIBRARY = "libc++";
				CLANG_ENABLE_OBJC_ARC = YES;
				CLANG_WARN_EMPTY_BODY = YES;
				CLANG_WARN__DUPLICATE_METHOD_MATCH = YES;
				"CODE_SIGN_IDENTITY[sdk=iphoneos*]" = "iPhone Developer";
				COPY_PHASE_STRIP = NO;
				GCC_C_LANGUAGE_STANDARD = gnu99;
				GCC_DYNAMIC_NO_PIC = NO;
				GCC_OPTIMIZATION_LEVEL = 0;
				GCC_PREPROCESSOR_DEFINITIONS = (
					"DEBUG=1",
					"$(inherited)",
				);
				GCC_SYMBOLS_PRIVATE_EXTERN = NO;
				GCC_WARN_ABOUT_RETURN_TYPE = YES;
				GCC_WARN_UNINITIALIZED_AUTOS = YES;
				GCC_WARN_UNUSED_VARIABLE = YES;
				IPHONEOS_DEPLOYMENT_TARGET = 5.1;
				ONLY_ACTIVE_ARCH = YES;
				SDKROOT = iphoneos;
			};
			name = Debug;
		};
		840C2DE9164224F600E4D056 /* Release */ = {
			isa = XCBuildConfiguration;
			buildSettings = {
				ALWAYS_SEARCH_USER_PATHS = NO;
				CLANG_CXX_LANGUAGE_STANDARD = "gnu++0x";
				CLANG_CXX_LIBRARY = "libc++";
				CLANG_ENABLE_OBJC_ARC = YES;
				CLANG_WARN_EMPTY_BODY = YES;
				CLANG_WARN__DUPLICATE_METHOD_MATCH = YES;
				"CODE_SIGN_IDENTITY[sdk=iphoneos*]" = "iPhone Developer";
				COPY_PHASE_STRIP = YES;
				GCC_C_LANGUAGE_STANDARD = gnu99;
				GCC_WARN_ABOUT_RETURN_TYPE = YES;
				GCC_WARN_UNINITIALIZED_AUTOS = YES;
				GCC_WARN_UNUSED_VARIABLE = YES;
				IPHONEOS_DEPLOYMENT_TARGET = 5.1;
				OTHER_CFLAGS = "-DNS_BLOCK_ASSERTIONS=1";
				SDKROOT = iphoneos;
				VALIDATE_PRODUCT = YES;
			};
			name = Release;
		};
		840C2DEB164224F600E4D056 /* Debug */ = {
			isa = XCBuildConfiguration;
			buildSettings = {
				GCC_PRECOMPILE_PREFIX_HEADER = YES;
				GCC_PREFIX_HEADER = "bbarnard_csc471_FinalProject/bbarnard_csc471_FinalProject-Prefix.pch";
				INFOPLIST_FILE = "bbarnard_csc471_FinalProject/bbarnard_csc471_FinalProject-Info.plist";
				IPHONEOS_DEPLOYMENT_TARGET = 5.1;
				PRODUCT_NAME = "$(TARGET_NAME)";
				WRAPPER_EXTENSION = app;
			};
			name = Debug;
		};
		840C2DEC164224F600E4D056 /* Release */ = {
			isa = XCBuildConfiguration;
			buildSettings = {
				GCC_PRECOMPILE_PREFIX_HEADER = YES;
				GCC_PREFIX_HEADER = "bbarnard_csc471_FinalProject/bbarnard_csc471_FinalProject-Prefix.pch";
				INFOPLIST_FILE = "bbarnard_csc471_FinalProject/bbarnard_csc471_FinalProject-Info.plist";
				IPHONEOS_DEPLOYMENT_TARGET = 5.1;
				PRODUCT_NAME = "$(TARGET_NAME)";
				WRAPPER_EXTENSION = app;
			};
			name = Release;
		};
/* End XCBuildConfiguration section */

/* Begin XCConfigurationList section */
		840C2DC1164224F600E4D056 /* Build configuration list for PBXProject "bbarnard_csc471_FinalProject" */ = {
			isa = XCConfigurationList;
			buildConfigurations = (
				840C2DE8164224F600E4D056 /* Debug */,
				840C2DE9164224F600E4D056 /* Release */,
			);
			defaultConfigurationIsVisible = 0;
			defaultConfigurationName = Release;
		};
		840C2DEA164224F600E4D056 /* Build configuration list for PBXNativeTarget "bbarnard_csc471_FinalProject" */ = {
			isa = XCConfigurationList;
			buildConfigurations = (
				840C2DEB164224F600E4D056 /* Debug */,
				840C2DEC164224F600E4D056 /* Release */,
			);
			defaultConfigurationIsVisible = 0;
			defaultConfigurationName = Release;
		};
/* End XCConfigurationList section */

/* Begin XCVersionGroup section */
		840C2DE5164224F600E4D056 /* bbarnard_csc471_FinalProject.xcdatamodeld */ = {
			isa = XCVersionGroup;
			children = (
				840C2DE6164224F600E4D056 /* bbarnard_csc471_FinalProject.xcdatamodel */,
			);
			currentVersion = 840C2DE6164224F600E4D056 /* bbarnard_csc471_FinalProject.xcdatamodel */;
			path = bbarnard_csc471_FinalProject.xcdatamodeld;
			sourceTree = "<group>";
			versionGroupType = wrapper.xcdatamodel;
		};
/* End XCVersionGroup section */
	};
	rootObject = 840C2DBE164224F600E4D056 /* Project object */;
}
